
Microsoft Visual Studio Solution File, Format Version 12.00
# Visual Studio 14
VisualStudioVersion = 14.0.23107.0
MinimumVisualStudioVersion = 10.0.40219.1
Project("{FAE04EC0-301F-11D3-BF4B-00C04F79EFBC}") = "ETB", "ETB\ETB.csproj", "{A73324BF-E341-4E68-89F1-05AC8A539391}"
EndProject
Project("{FAE04EC0-301F-11D3-BF4B-00C04F79EFBC}") = "ETB.Test", "ETB.Test\ETB.Test.csproj", "{BCB5F3C6-1130-43DA-A0F2-53DD90DDB706}"
EndProject
Project("{FAE04EC0-301F-11D3-BF4B-00C04F79EFBC}") = "ETB.IO", "ETB.IO\ETB.IO.csproj", "{3F19323B-7AEB-4F6F-A0A0-8DE5355F1011}"
EndProject
Project("{FAE04EC0-301F-11D3-BF4B-00C04F79EFBC}") = "ETB.IO.Text", "ETB.IO.Text\ETB.IO.Text.csproj", "{9C248A94-8263-4711-97B1-3002B4027D8D}"
EndProject
Project("{2150E333-8FDC-42A3-9474-1A3956D46DE8}") = "Solution Items", "Solution Items", "{C32EFB0E-EF0E-4CB9-BE78-270B5CFD2FEF}"
	ProjectSection(SolutionItems) = preProject
		ETB.nunit = ETB.nunit
	EndProjectSection
EndProject
Project("{FAE04EC0-301F-11D3-BF4B-00C04F79EFBC}") = "ETB.IO.Text.Test", "ETB.IO.Text.Test\ETB.IO.Text.Test.csproj", "{12ABC0AE-44BB-4D5C-BACA-E332E6FED8FF}"
EndProject
Project("{FAE04EC0-301F-11D3-BF4B-00C04F79EFBC}") = "ETB.Cmd", "ETB.Cmd\ETB.Cmd.csproj", "{B8996C76-D036-45E8-B162-4387AE12D135}"
EndProject
Project("{FAE04EC0-301F-11D3-BF4B-00C04F79EFBC}") = "ETB.Cmd.Test", "ETB.Cmd.Test\ETB.Cmd.Test.csproj", "{E071A98D-9E84-4405-A875-B77B5C0E4D3F}"
EndProject
Project("{FAE04EC0-301F-11D3-BF4B-00C04F79EFBC}") = "ETB.Exec", "ETB.Exec\ETB.Exec.csproj", "{845FC372-C761-4D63-97A8-75E5046F5E6A}"
EndProject
Project("{FAE04EC0-301F-11D3-BF4B-00C04F79EFBC}") = "ETB.Logging", "ETB.Logging\ETB.Logging.csproj", "{4A16099D-2B0D-47FE-A7B4-968A191B43D1}"
EndProject
Project("{FAE04EC0-301F-11D3-BF4B-00C04F79EFBC}") = "ETB.App", "ETB.App\ETB.App.csproj", "{C4A83DCA-5681-4FD1-9654-D2346653B4A7}"
EndProject
Project("{FAE04EC0-301F-11D3-BF4B-00C04F79EFBC}") = "ETB.App.Test", "ETB.App.Test\ETB.App.Test.csproj", "{3F8A1E59-2A6D-4105-9C82-3F3EAB624667}"
EndProject
Project("{FAE04EC0-301F-11D3-BF4B-00C04F79EFBC}") = "ETB.Fnc", "ETB.Fnc\ETB.Fnc.csproj", "{1ABE1392-CF79-491A-8523-2C0EF73C712F}"
EndProject
Global
	GlobalSection(SolutionConfigurationPlatforms) = preSolution
		Debug|Any CPU = Debug|Any CPU
		Release|Any CPU = Release|Any CPU
	EndGlobalSection
	GlobalSection(ProjectConfigurationPlatforms) = postSolution
		{A73324BF-E341-4E68-89F1-05AC8A539391}.Debug|Any CPU.ActiveCfg = Debug|Any CPU
		{A73324BF-E341-4E68-89F1-05AC8A539391}.Debug|Any CPU.Build.0 = Debug|Any CPU
		{A73324BF-E341-4E68-89F1-05AC8A539391}.Release|Any CPU.ActiveCfg = Release|Any CPU
		{A73324BF-E341-4E68-89F1-05AC8A539391}.Release|Any CPU.Build.0 = Release|Any CPU
		{BCB5F3C6-1130-43DA-A0F2-53DD90DDB706}.Debug|Any CPU.ActiveCfg = Debug|Any CPU
		{BCB5F3C6-1130-43DA-A0F2-53DD90DDB706}.Debug|Any CPU.Build.0 = Debug|Any CPU
		{BCB5F3C6-1130-43DA-A0F2-53DD90DDB706}.Release|Any CPU.ActiveCfg = Release|Any CPU
		{BCB5F3C6-1130-43DA-A0F2-53DD90DDB706}.Release|Any CPU.Build.0 = Release|Any CPU
		{3F19323B-7AEB-4F6F-A0A0-8DE5355F1011}.Debug|Any CPU.ActiveCfg = Debug|Any CPU
		{3F19323B-7AEB-4F6F-A0A0-8DE5355F1011}.Debug|Any CPU.Build.0 = Debug|Any CPU
		{3F19323B-7AEB-4F6F-A0A0-8DE5355F1011}.Release|Any CPU.ActiveCfg = Release|Any CPU
		{3F19323B-7AEB-4F6F-A0A0-8DE5355F1011}.Release|Any CPU.Build.0 = Release|Any CPU
		{9C248A94-8263-4711-97B1-3002B4027D8D}.Debug|Any CPU.ActiveCfg = Debug|Any CPU
		{9C248A94-8263-4711-97B1-3002B4027D8D}.Debug|Any CPU.Build.0 = Debug|Any CPU
		{9C248A94-8263-4711-97B1-3002B4027D8D}.Release|Any CPU.ActiveCfg = Release|Any CPU
		{9C248A94-8263-4711-97B1-3002B4027D8D}.Release|Any CPU.Build.0 = Release|Any CPU
		{12ABC0AE-44BB-4D5C-BACA-E332E6FED8FF}.Debug|Any CPU.ActiveCfg = Debug|Any CPU
		{12ABC0AE-44BB-4D5C-BACA-E332E6FED8FF}.Debug|Any CPU.Build.0 = Debug|Any CPU
		{12ABC0AE-44BB-4D5C-BACA-E332E6FED8FF}.Release|Any CPU.ActiveCfg = Release|Any CPU
		{12ABC0AE-44BB-4D5C-BACA-E332E6FED8FF}.Release|Any CPU.Build.0 = Release|Any CPU
		{B8996C76-D036-45E8-B162-4387AE12D135}.Debug|Any CPU.ActiveCfg = Debug|Any CPU
		{B8996C76-D036-45E8-B162-4387AE12D135}.Debug|Any CPU.Build.0 = Debug|Any CPU
		{B8996C76-D036-45E8-B162-4387AE12D135}.Release|Any CPU.ActiveCfg = Release|Any CPU
		{B8996C76-D036-45E8-B162-4387AE12D135}.Release|Any CPU.Build.0 = Release|Any CPU
		{E071A98D-9E84-4405-A875-B77B5C0E4D3F}.Debug|Any CPU.ActiveCfg = Debug|Any CPU
		{E071A98D-9E84-4405-A875-B77B5C0E4D3F}.Debug|Any CPU.Build.0 = Debug|Any CPU
		{E071A98D-9E84-4405-A875-B77B5C0E4D3F}.Release|Any CPU.ActiveCfg = Release|Any CPU
		{E071A98D-9E84-4405-A875-B77B5C0E4D3F}.Release|Any CPU.Build.0 = Release|Any CPU
		{845FC372-C761-4D63-97A8-75E5046F5E6A}.Debug|Any CPU.ActiveCfg = Debug|Any CPU
		{845FC372-C761-4D63-97A8-75E5046F5E6A}.Debug|Any CPU.Build.0 = Debug|Any CPU
		{845FC372-C761-4D63-97A8-75E5046F5E6A}.Release|Any CPU.ActiveCfg = Release|Any CPU
		{845FC372-C761-4D63-97A8-75E5046F5E6A}.Release|Any CPU.Build.0 = Release|Any CPU
		{4A16099D-2B0D-47FE-A7B4-968A191B43D1}.Debug|Any CPU.ActiveCfg = Debug|Any CPU
		{4A16099D-2B0D-47FE-A7B4-968A191B43D1}.Debug|Any CPU.Build.0 = Debug|Any CPU
		{4A16099D-2B0D-47FE-A7B4-968A191B43D1}.Release|Any CPU.ActiveCfg = Release|Any CPU
		{4A16099D-2B0D-47FE-A7B4-968A191B43D1}.Release|Any CPU.Build.0 = Release|Any CPU
		{C4A83DCA-5681-4FD1-9654-D2346653B4A7}.Debug|Any CPU.ActiveCfg = Debug|Any CPU
		{C4A83DCA-5681-4FD1-9654-D2346653B4A7}.Debug|Any CPU.Build.0 = Debug|Any CPU
		{C4A83DCA-5681-4FD1-9654-D2346653B4A7}.Release|Any CPU.ActiveCfg = Release|Any CPU
		{C4A83DCA-5681-4FD1-9654-D2346653B4A7}.Release|Any CPU.Build.0 = Release|Any CPU
		{3F8A1E59-2A6D-4105-9C82-3F3EAB624667}.Debug|Any CPU.ActiveCfg = Debug|Any CPU
		{3F8A1E59-2A6D-4105-9C82-3F3EAB624667}.Debug|Any CPU.Build.0 = Debug|Any CPU
		{3F8A1E59-2A6D-4105-9C82-3F3EAB624667}.Release|Any CPU.ActiveCfg = Release|Any CPU
		{3F8A1E59-2A6D-4105-9C82-3F3EAB624667}.Release|Any CPU.Build.0 = Release|Any CPU
		{1ABE1392-CF79-491A-8523-2C0EF73C712F}.Debug|Any CPU.ActiveCfg = Debug|Any CPU
		{1ABE1392-CF79-491A-8523-2C0EF73C712F}.Debug|Any CPU.Build.0 = Debug|Any CPU
		{1ABE1392-CF79-491A-8523-2C0EF73C712F}.Release|Any CPU.ActiveCfg = Release|Any CPU
		{1ABE1392-CF79-491A-8523-2C0EF73C712F}.Release|Any CPU.Build.0 = Release|Any CPU
	EndGlobalSection
	GlobalSection(SolutionProperties) = preSolution
		HideSolutionNode = FALSE
	EndGlobalSection
EndGlobal
